
Microsoft Visual Studio Solution File, Format Version 12.00
# Visual Studio 15
VisualStudioVersion = 15.0.27428.2011
MinimumVisualStudioVersion = 10.0.40219.1
Project("{9A19103F-16F7-4668-BE54-9A1E7A4F7556}") = "WebApplication1", "WebApplication1\WebApplication1.csproj", "{BA15E7EC-D774-4251-AC42-1CB08A70FB19}"
EndProject
Project("{9A19103F-16F7-4668-BE54-9A1E7A4F7556}") = "ConsoleApp1", "ConsoleApp1\ConsoleApp1.csproj", "{76097183-7E62-47C3-9984-45D2EFC9950C}"
EndProject
Project("{FAE04EC0-301F-11D3-BF4B-00C04F79EFBC}") = "WebAngular", "WebAngular\WebAngular.csproj", "{80725803-E933-443E-A570-61B5E0AC631E}"
EndProject
Project("{FAE04EC0-301F-11D3-BF4B-00C04F79EFBC}") = "WebRect", "WebRect\WebRect.csproj", "{3E4EEAA9-CE78-4B4C-B673-B3CF1FAA407A}"
EndProject
Project("{FAE04EC0-301F-11D3-BF4B-00C04F79EFBC}") = "WebSite", "WebSite\WebSite.csproj", "{CE6ACC01-123D-47B5-99DE-EA3EF564ECDB}"
EndProject
Project("{9A19103F-16F7-4668-BE54-9A1E7A4F7556}") = "WebApplication3", "WebApplication3\WebApplication3.csproj", "{D6992A8B-AC31-4E3B-A5B5-F5224675B40F}"
EndProject
Project("{2150E333-8FDC-42A3-9474-1A3956D46DE8}") = "Core", "Core", "{42AAD3BA-3740-4A2E-B7FF-FC04CED27937}"
EndProject
Project("{2150E333-8FDC-42A3-9474-1A3956D46DE8}") = "Test", "Test", "{6C345FA0-5482-4ED2-AF17-5C3A986BC2D1}"
EndProject
Project("{2150E333-8FDC-42A3-9474-1A3956D46DE8}") = "Service", "Service", "{E44E3CAE-62B1-49DB-BE0B-F5358602EB1D}"
EndProject
Project("{9A19103F-16F7-4668-BE54-9A1E7A4F7556}") = "EFCore.Service", "EFCore.Service\EFCore.Service.csproj", "{DE511850-9D9B-4716-8B0C-D92C4BE45271}"
EndProject
Project("{9A19103F-16F7-4668-BE54-9A1E7A4F7556}") = "EFCore.Repository", "EFCore.Repository\EFCore.Repository.csproj", "{90671037-915F-41F4-A480-E0F50387C153}"
EndProject
Project("{9A19103F-16F7-4668-BE54-9A1E7A4F7556}") = "EFCore.Kernal", "EFCore.Kernal\EFCore.Kernal.csproj", "{05799C4C-5C75-4B7A-9E8D-21F83FD8EC15}"
EndProject
Project("{9A19103F-16F7-4668-BE54-9A1E7A4F7556}") = "Site.Resource", "Site.Resource\Site.Resource.csproj", "{E31FDF69-F39D-4DF4-B0BE-D719DB3D03E5}"
EndProject
Project("{9A19103F-16F7-4668-BE54-9A1E7A4F7556}") = "EFCore.Controller", "EFCore.Controller\EFCore.Controller.csproj", "{6B12DC7E-AD04-4A91-8D9A-FF0870774977}"
EndProject
Project("{9A19103F-16F7-4668-BE54-9A1E7A4F7556}") = "EFCore.Model", "EFCore.Model\EFCore.Model.csproj", "{CA11783F-6E08-4643-9930-6BF75D8825B6}"
EndProject
Project("{9A19103F-16F7-4668-BE54-9A1E7A4F7556}") = "WebApplication2", "WebApplication2\WebApplication2.csproj", "{BFED17DA-9403-4D72-85D1-EB28E979E265}"
EndProject
Project("{9A19103F-16F7-4668-BE54-9A1E7A4F7556}") = "WebApplication4", "WebApplication4\WebApplication4.csproj", "{1BD1F7AB-80DD-4333-AD33-7628AFF35E62}"
EndProject
Project("{9A19103F-16F7-4668-BE54-9A1E7A4F7556}") = "Microsoft.EFCore", "Microsoft.EFCore\Microsoft.EFCore.csproj", "{43D0942A-53CD-41E2-ADC6-22889D248EC9}"
EndProject
Project("{9A19103F-16F7-4668-BE54-9A1E7A4F7556}") = "Microsoft.WebCore", "Microsoft.WebCore\Microsoft.WebCore.csproj", "{09426F0C-133C-4D06-BD61-8706A2A446B2}"
EndProject
Project("{FAE04EC0-301F-11D3-BF4B-00C04F79EFBC}") = "WebApplication5", "WebApplication5\WebApplication5.csproj", "{88B23F92-B374-400F-80AB-8C11F105C370}"
EndProject
Project("{FAE04EC0-301F-11D3-BF4B-00C04F79EFBC}") = "WebApplication6", "WebApplication6\WebApplication6.csproj", "{88B394F4-60FF-412F-9C80-3FD1F66CDDDD}"
EndProject
Project("{FAE04EC0-301F-11D3-BF4B-00C04F79EFBC}") = "WebApplication7", "WebApplication7\WebApplication7.csproj", "{A68BF7A4-8C0E-40F5-9677-D442EE7E2052}"
EndProject
Project("{2150E333-8FDC-42A3-9474-1A3956D46DE8}") = "identity4", "identity4", "{8E177495-7B59-4CF0-8693-AF2D992CB9B5}"
EndProject
Project("{9A19103F-16F7-4668-BE54-9A1E7A4F7556}") = "QuickstartIdentityServer", "identity4\QuickstartIdentityServer\QuickstartIdentityServer.csproj", "{64BF2ABE-63AB-4F2B-BEFD-9161F3C820B5}"
EndProject
Project("{9A19103F-16F7-4668-BE54-9A1E7A4F7556}") = "APi", "APi\APi.csproj", "{23437ECB-B43E-46E6-A4FA-F7DB01FCC256}"
EndProject
Project("{9A19103F-16F7-4668-BE54-9A1E7A4F7556}") = "Mvc", "identity4\Mvc\Mvc.csproj", "{E0A0ED3D-A58C-4ED9-A7B1-5A2442E7BE04}"
EndProject
Project("{FAE04EC0-301F-11D3-BF4B-00C04F79EFBC}") = "Microsoft.Platform.Core", "Microsoft.Platform.Core\Microsoft.Platform.Core.csproj", "{192E7925-B4F1-4D45-935C-E77123B99BCD}"
EndProject
Global
	GlobalSection(SolutionConfigurationPlatforms) = preSolution
		Debug|Any CPU = Debug|Any CPU
		Release|Any CPU = Release|Any CPU
	EndGlobalSection
	GlobalSection(ProjectConfigurationPlatforms) = postSolution
		{BA15E7EC-D774-4251-AC42-1CB08A70FB19}.Debug|Any CPU.ActiveCfg = Debug|Any CPU
		{BA15E7EC-D774-4251-AC42-1CB08A70FB19}.Debug|Any CPU.Build.0 = Debug|Any CPU
		{BA15E7EC-D774-4251-AC42-1CB08A70FB19}.Release|Any CPU.ActiveCfg = Release|Any CPU
		{BA15E7EC-D774-4251-AC42-1CB08A70FB19}.Release|Any CPU.Build.0 = Release|Any CPU
		{76097183-7E62-47C3-9984-45D2EFC9950C}.Debug|Any CPU.ActiveCfg = Debug|Any CPU
		{76097183-7E62-47C3-9984-45D2EFC9950C}.Debug|Any CPU.Build.0 = Debug|Any CPU
		{76097183-7E62-47C3-9984-45D2EFC9950C}.Release|Any CPU.ActiveCfg = Release|Any CPU
		{76097183-7E62-47C3-9984-45D2EFC9950C}.Release|Any CPU.Build.0 = Release|Any CPU
		{80725803-E933-443E-A570-61B5E0AC631E}.Debug|Any CPU.ActiveCfg = Debug|Any CPU
		{80725803-E933-443E-A570-61B5E0AC631E}.Debug|Any CPU.Build.0 = Debug|Any CPU
		{80725803-E933-443E-A570-61B5E0AC631E}.Release|Any CPU.ActiveCfg = Release|Any CPU
		{80725803-E933-443E-A570-61B5E0AC631E}.Release|Any CPU.Build.0 = Release|Any CPU
		{3E4EEAA9-CE78-4B4C-B673-B3CF1FAA407A}.Debug|Any CPU.ActiveCfg = Debug|Any CPU
		{3E4EEAA9-CE78-4B4C-B673-B3CF1FAA407A}.Debug|Any CPU.Build.0 = Debug|Any CPU
		{3E4EEAA9-CE78-4B4C-B673-B3CF1FAA407A}.Release|Any CPU.ActiveCfg = Release|Any CPU
		{3E4EEAA9-CE78-4B4C-B673-B3CF1FAA407A}.Release|Any CPU.Build.0 = Release|Any CPU
		{CE6ACC01-123D-47B5-99DE-EA3EF564ECDB}.Debug|Any CPU.ActiveCfg = Debug|Any CPU
		{CE6ACC01-123D-47B5-99DE-EA3EF564ECDB}.Debug|Any CPU.Build.0 = Debug|Any CPU
		{CE6ACC01-123D-47B5-99DE-EA3EF564ECDB}.Release|Any CPU.ActiveCfg = Release|Any CPU
		{CE6ACC01-123D-47B5-99DE-EA3EF564ECDB}.Release|Any CPU.Build.0 = Release|Any CPU
		{D6992A8B-AC31-4E3B-A5B5-F5224675B40F}.Debug|Any CPU.ActiveCfg = Debug|Any CPU
		{D6992A8B-AC31-4E3B-A5B5-F5224675B40F}.Debug|Any CPU.Build.0 = Debug|Any CPU
		{D6992A8B-AC31-4E3B-A5B5-F5224675B40F}.Release|Any CPU.ActiveCfg = Release|Any CPU
		{D6992A8B-AC31-4E3B-A5B5-F5224675B40F}.Release|Any CPU.Build.0 = Release|Any CPU
		{DE511850-9D9B-4716-8B0C-D92C4BE45271}.Debug|Any CPU.ActiveCfg = Debug|Any CPU
		{DE511850-9D9B-4716-8B0C-D92C4BE45271}.Debug|Any CPU.Build.0 = Debug|Any CPU
		{DE511850-9D9B-4716-8B0C-D92C4BE45271}.Release|Any CPU.ActiveCfg = Release|Any CPU
		{DE511850-9D9B-4716-8B0C-D92C4BE45271}.Release|Any CPU.Build.0 = Release|Any CPU
		{90671037-915F-41F4-A480-E0F50387C153}.Debug|Any CPU.ActiveCfg = Debug|Any CPU
		{90671037-915F-41F4-A480-E0F50387C153}.Debug|Any CPU.Build.0 = Debug|Any CPU
		{90671037-915F-41F4-A480-E0F50387C153}.Release|Any CPU.ActiveCfg = Release|Any CPU
		{90671037-915F-41F4-A480-E0F50387C153}.Release|Any CPU.Build.0 = Release|Any CPU
		{05799C4C-5C75-4B7A-9E8D-21F83FD8EC15}.Debug|Any CPU.ActiveCfg = Debug|Any CPU
		{05799C4C-5C75-4B7A-9E8D-21F83FD8EC15}.Debug|Any CPU.Build.0 = Debug|Any CPU
		{05799C4C-5C75-4B7A-9E8D-21F83FD8EC15}.Release|Any CPU.ActiveCfg = Release|Any CPU
		{05799C4C-5C75-4B7A-9E8D-21F83FD8EC15}.Release|Any CPU.Build.0 = Release|Any CPU
		{E31FDF69-F39D-4DF4-B0BE-D719DB3D03E5}.Debug|Any CPU.ActiveCfg = Debug|Any CPU
		{E31FDF69-F39D-4DF4-B0BE-D719DB3D03E5}.Debug|Any CPU.Build.0 = Debug|Any CPU
		{E31FDF69-F39D-4DF4-B0BE-D719DB3D03E5}.Release|Any CPU.ActiveCfg = Release|Any CPU
		{E31FDF69-F39D-4DF4-B0BE-D719DB3D03E5}.Release|Any CPU.Build.0 = Release|Any CPU
		{6B12DC7E-AD04-4A91-8D9A-FF0870774977}.Debug|Any CPU.ActiveCfg = Debug|Any CPU
		{6B12DC7E-AD04-4A91-8D9A-FF0870774977}.Debug|Any CPU.Build.0 = Debug|Any CPU
		{6B12DC7E-AD04-4A91-8D9A-FF0870774977}.Release|Any CPU.ActiveCfg = Release|Any CPU
		{6B12DC7E-AD04-4A91-8D9A-FF0870774977}.Release|Any CPU.Build.0 = Release|Any CPU
		{CA11783F-6E08-4643-9930-6BF75D8825B6}.Debug|Any CPU.ActiveCfg = Debug|Any CPU
		{CA11783F-6E08-4643-9930-6BF75D8825B6}.Debug|Any CPU.Build.0 = Debug|Any CPU
		{CA11783F-6E08-4643-9930-6BF75D8825B6}.Release|Any CPU.ActiveCfg = Release|Any CPU
		{CA11783F-6E08-4643-9930-6BF75D8825B6}.Release|Any CPU.Build.0 = Release|Any CPU
		{BFED17DA-9403-4D72-85D1-EB28E979E265}.Debug|Any CPU.ActiveCfg = Debug|Any CPU
		{BFED17DA-9403-4D72-85D1-EB28E979E265}.Debug|Any CPU.Build.0 = Debug|Any CPU
		{BFED17DA-9403-4D72-85D1-EB28E979E265}.Release|Any CPU.ActiveCfg = Release|Any CPU
		{BFED17DA-9403-4D72-85D1-EB28E979E265}.Release|Any CPU.Build.0 = Release|Any CPU
		{1BD1F7AB-80DD-4333-AD33-7628AFF35E62}.Debug|Any CPU.ActiveCfg = Debug|Any CPU
		{1BD1F7AB-80DD-4333-AD33-7628AFF35E62}.Debug|Any CPU.Build.0 = Debug|Any CPU
		{1BD1F7AB-80DD-4333-AD33-7628AFF35E62}.Release|Any CPU.ActiveCfg = Release|Any CPU
		{1BD1F7AB-80DD-4333-AD33-7628AFF35E62}.Release|Any CPU.Build.0 = Release|Any CPU
		{43D0942A-53CD-41E2-ADC6-22889D248EC9}.Debug|Any CPU.ActiveCfg = Debug|Any CPU
		{43D0942A-53CD-41E2-ADC6-22889D248EC9}.Debug|Any CPU.Build.0 = Debug|Any CPU
		{43D0942A-53CD-41E2-ADC6-22889D248EC9}.Release|Any CPU.ActiveCfg = Release|Any CPU
		{43D0942A-53CD-41E2-ADC6-22889D248EC9}.Release|Any CPU.Build.0 = Release|Any CPU
		{09426F0C-133C-4D06-BD61-8706A2A446B2}.Debug|Any CPU.ActiveCfg = Debug|Any CPU
		{09426F0C-133C-4D06-BD61-8706A2A446B2}.Debug|Any CPU.Build.0 = Debug|Any CPU
		{09426F0C-133C-4D06-BD61-8706A2A446B2}.Release|Any CPU.ActiveCfg = Release|Any CPU
		{09426F0C-133C-4D06-BD61-8706A2A446B2}.Release|Any CPU.Build.0 = Release|Any CPU
		{88B23F92-B374-400F-80AB-8C11F105C370}.Debug|Any CPU.ActiveCfg = Debug|Any CPU
		{88B23F92-B374-400F-80AB-8C11F105C370}.Debug|Any CPU.Build.0 = Debug|Any CPU
		{88B23F92-B374-400F-80AB-8C11F105C370}.Release|Any CPU.ActiveCfg = Release|Any CPU
		{88B23F92-B374-400F-80AB-8C11F105C370}.Release|Any CPU.Build.0 = Release|Any CPU
		{88B394F4-60FF-412F-9C80-3FD1F66CDDDD}.Debug|Any CPU.ActiveCfg = Debug|Any CPU
		{88B394F4-60FF-412F-9C80-3FD1F66CDDDD}.Debug|Any CPU.Build.0 = Debug|Any CPU
		{88B394F4-60FF-412F-9C80-3FD1F66CDDDD}.Release|Any CPU.ActiveCfg = Release|Any CPU
		{88B394F4-60FF-412F-9C80-3FD1F66CDDDD}.Release|Any CPU.Build.0 = Release|Any CPU
		{A68BF7A4-8C0E-40F5-9677-D442EE7E2052}.Debug|Any CPU.ActiveCfg = Debug|Any CPU
		{A68BF7A4-8C0E-40F5-9677-D442EE7E2052}.Debug|Any CPU.Build.0 = Debug|Any CPU
		{A68BF7A4-8C0E-40F5-9677-D442EE7E2052}.Release|Any CPU.ActiveCfg = Release|Any CPU
		{A68BF7A4-8C0E-40F5-9677-D442EE7E2052}.Release|Any CPU.Build.0 = Release|Any CPU
		{64BF2ABE-63AB-4F2B-BEFD-9161F3C820B5}.Debug|Any CPU.ActiveCfg = Debug|Any CPU
		{64BF2ABE-63AB-4F2B-BEFD-9161F3C820B5}.Debug|Any CPU.Build.0 = Debug|Any CPU
		{64BF2ABE-63AB-4F2B-BEFD-9161F3C820B5}.Release|Any CPU.ActiveCfg = Release|Any CPU
		{64BF2ABE-63AB-4F2B-BEFD-9161F3C820B5}.Release|Any CPU.Build.0 = Release|Any CPU
		{23437ECB-B43E-46E6-A4FA-F7DB01FCC256}.Debug|Any CPU.ActiveCfg = Debug|Any CPU
		{23437ECB-B43E-46E6-A4FA-F7DB01FCC256}.Debug|Any CPU.Build.0 = Debug|Any CPU
		{23437ECB-B43E-46E6-A4FA-F7DB01FCC256}.Release|Any CPU.ActiveCfg = Release|Any CPU
		{23437ECB-B43E-46E6-A4FA-F7DB01FCC256}.Release|Any CPU.Build.0 = Release|Any CPU
		{E0A0ED3D-A58C-4ED9-A7B1-5A2442E7BE04}.Debug|Any CPU.ActiveCfg = Debug|Any CPU
		{E0A0ED3D-A58C-4ED9-A7B1-5A2442E7BE04}.Debug|Any CPU.Build.0 = Debug|Any CPU
		{E0A0ED3D-A58C-4ED9-A7B1-5A2442E7BE04}.Release|Any CPU.ActiveCfg = Release|Any CPU
		{E0A0ED3D-A58C-4ED9-A7B1-5A2442E7BE04}.Release|Any CPU.Build.0 = Release|Any CPU
		{192E7925-B4F1-4D45-935C-E77123B99BCD}.Debug|Any CPU.ActiveCfg = Debug|Any CPU
		{192E7925-B4F1-4D45-935C-E77123B99BCD}.Debug|Any CPU.Build.0 = Debug|Any CPU
		{192E7925-B4F1-4D45-935C-E77123B99BCD}.Release|Any CPU.ActiveCfg = Release|Any CPU
		{192E7925-B4F1-4D45-935C-E77123B99BCD}.Release|Any CPU.Build.0 = Release|Any CPU
	EndGlobalSection
	GlobalSection(SolutionProperties) = preSolution
		HideSolutionNode = FALSE
	EndGlobalSection
	GlobalSection(NestedProjects) = preSolution
		{DE511850-9D9B-4716-8B0C-D92C4BE45271} = {E44E3CAE-62B1-49DB-BE0B-F5358602EB1D}
		{90671037-915F-41F4-A480-E0F50387C153} = {E44E3CAE-62B1-49DB-BE0B-F5358602EB1D}
		{05799C4C-5C75-4B7A-9E8D-21F83FD8EC15} = {E44E3CAE-62B1-49DB-BE0B-F5358602EB1D}
		{E31FDF69-F39D-4DF4-B0BE-D719DB3D03E5} = {E44E3CAE-62B1-49DB-BE0B-F5358602EB1D}
		{6B12DC7E-AD04-4A91-8D9A-FF0870774977} = {E44E3CAE-62B1-49DB-BE0B-F5358602EB1D}
		{CA11783F-6E08-4643-9930-6BF75D8825B6} = {E44E3CAE-62B1-49DB-BE0B-F5358602EB1D}
		{43D0942A-53CD-41E2-ADC6-22889D248EC9} = {42AAD3BA-3740-4A2E-B7FF-FC04CED27937}
		{09426F0C-133C-4D06-BD61-8706A2A446B2} = {42AAD3BA-3740-4A2E-B7FF-FC04CED27937}
		{64BF2ABE-63AB-4F2B-BEFD-9161F3C820B5} = {8E177495-7B59-4CF0-8693-AF2D992CB9B5}
		{23437ECB-B43E-46E6-A4FA-F7DB01FCC256} = {8E177495-7B59-4CF0-8693-AF2D992CB9B5}
		{E0A0ED3D-A58C-4ED9-A7B1-5A2442E7BE04} = {8E177495-7B59-4CF0-8693-AF2D992CB9B5}
		{192E7925-B4F1-4D45-935C-E77123B99BCD} = {42AAD3BA-3740-4A2E-B7FF-FC04CED27937}
	EndGlobalSection
	GlobalSection(ExtensibilityGlobals) = postSolution
		SolutionGuid = {DDD041BF-C69A-481B-95EC-6D5D767A0B3D}
	EndGlobalSection
EndGlobal
